{
  "object": {
    "pins": [
      {
        "package": "VSFoundation",
        "repositoryURL": "https://github.com/virtualstores/ios-foundation.git",
        "state": {
          "branch": "develop",
          "revision": "a88edc1ae7a31a04592ccf21302f369ff9296d25",
          "version": null
        }
      },
      {
        "package": "SQLite.swift",
        "repositoryURL": "https://github.com/stephencelis/SQLite.swift.git",
        "state": {
          "branch": null,
          "revision": "60a65015f6402b7c34b9a924f755ca0a73afeeaa",
          "version": "0.13.1"
        }
      }
    ]
  },
  "version": 1
}
