// !$*UTF8*$!
{
	archiveVersion = 1;
	classes = {
	};
	objectVersion = 55;
	objects = {

/* Begin PBXBuildFile section */
		902EA31727CF740D008462B2 /* AppDelegate.swift in Sources */ = {isa = PBXBuildFile; fileRef = 902EA31627CF740D008462B2 /* AppDelegate.swift */; };
		902EA31927CF740D008462B2 /* SceneDelegate.swift in Sources */ = {isa = PBXBuildFile; fileRef = 902EA31827CF740D008462B2 /* SceneDelegate.swift */; };
		902EA31B27CF740D008462B2 /* ViewController.swift in Sources */ = {isa = PBXBuildFile; fileRef = 902EA31A27CF740D008462B2 /* ViewController.swift */; };
		902EA31E27CF740D008462B2 /* Main.storyboard in Resources */ = {isa = PBXBuildFile; fileRef = 902EA31C27CF740D008462B2 /* Main.storyboard */; };
		902EA32027CF740F008462B2 /* Assets.xcassets in Resources */ = {isa = PBXBuildFile; fileRef = 902EA31F27CF740F008462B2 /* Assets.xcassets */; };
		902EA32327CF740F008462B2 /* LaunchScreen.storyboard in Resources */ = {isa = PBXBuildFile; fileRef = 902EA32127CF740F008462B2 /* LaunchScreen.storyboard */; };
		902EA32E27CF7410008462B2 /* PassiveDemoAppTests.swift in Sources */ = {isa = PBXBuildFile; fileRef = 902EA32D27CF7410008462B2 /* PassiveDemoAppTests.swift */; };
		902EA33827CF7410008462B2 /* PassiveDemoAppUITests.swift in Sources */ = {isa = PBXBuildFile; fileRef = 902EA33727CF7410008462B2 /* PassiveDemoAppUITests.swift */; };
		902EA33A27CF7410008462B2 /* PassiveDemoAppUITestsLaunchTests.swift in Sources */ = {isa = PBXBuildFile; fileRef = 902EA33927CF7410008462B2 /* PassiveDemoAppUITestsLaunchTests.swift */; };
		902EA34827CF746F008462B2 /* VSTT2 in Frameworks */ = {isa = PBXBuildFile; productRef = 902EA34727CF746F008462B2 /* VSTT2 */; };
		902EA34A27CF7806008462B2 /* ViewModel.swift in Sources */ = {isa = PBXBuildFile; fileRef = 902EA34927CF7806008462B2 /* ViewModel.swift */; };
		9095BAEE27D608BC00E661A3 /* UserSettingsViewController.swift in Sources */ = {isa = PBXBuildFile; fileRef = 9095BAED27D608BC00E661A3 /* UserSettingsViewController.swift */; };
		9095BAF127D60B6200E661A3 /* UserSettingsViewModel.swift in Sources */ = {isa = PBXBuildFile; fileRef = 9095BAF027D60B6200E661A3 /* UserSettingsViewModel.swift */; };
/* End PBXBuildFile section */

/* Begin PBXContainerItemProxy section */
		902EA32A27CF740F008462B2 /* PBXContainerItemProxy */ = {
			isa = PBXContainerItemProxy;
			containerPortal = 902EA30B27CF740D008462B2 /* Project object */;
			proxyType = 1;
			remoteGlobalIDString = 902EA31227CF740D008462B2;
			remoteInfo = PassivePartDemo;
		};
		902EA33427CF7410008462B2 /* PBXContainerItemProxy */ = {
			isa = PBXContainerItemProxy;
			containerPortal = 902EA30B27CF740D008462B2 /* Project object */;
			proxyType = 1;
			remoteGlobalIDString = 902EA31227CF740D008462B2;
			remoteInfo = PassivePartDemo;
		};
/* End PBXContainerItemProxy section */

/* Begin PBXFileReference section */
		4D25BF6827D6104700D43857 /* ios-sdk */ = {isa = PBXFileReference; lastKnownFileType = wrapper; name = "ios-sdk"; path = "../ios-sdk"; sourceTree = "<group>"; };
		4D25BF6A27D666CA00D43857 /* ios-position-kit */ = {isa = PBXFileReference; lastKnownFileType = wrapper; name = "ios-position-kit"; path = "../ios-position-kit"; sourceTree = "<group>"; };
		4D25BF6B27D74A6800D43857 /* ios-sensor-fusion */ = {isa = PBXFileReference; lastKnownFileType = wrapper; name = "ios-sensor-fusion"; path = "../ios-sensor-fusion"; sourceTree = "<group>"; };
		902EA31327CF740D008462B2 /* PassiveDemoApp.app */ = {isa = PBXFileReference; explicitFileType = wrapper.application; includeInIndex = 0; path = PassiveDemoApp.app; sourceTree = BUILT_PRODUCTS_DIR; };
		902EA31627CF740D008462B2 /* AppDelegate.swift */ = {isa = PBXFileReference; lastKnownFileType = sourcecode.swift; path = AppDelegate.swift; sourceTree = "<group>"; };
		902EA31827CF740D008462B2 /* SceneDelegate.swift */ = {isa = PBXFileReference; lastKnownFileType = sourcecode.swift; path = SceneDelegate.swift; sourceTree = "<group>"; };
		902EA31A27CF740D008462B2 /* ViewController.swift */ = {isa = PBXFileReference; lastKnownFileType = sourcecode.swift; path = ViewController.swift; sourceTree = "<group>"; };
		902EA31D27CF740D008462B2 /* Base */ = {isa = PBXFileReference; lastKnownFileType = file.storyboard; name = Base; path = Base.lproj/Main.storyboard; sourceTree = "<group>"; };
		902EA31F27CF740F008462B2 /* Assets.xcassets */ = {isa = PBXFileReference; lastKnownFileType = folder.assetcatalog; path = Assets.xcassets; sourceTree = "<group>"; };
		902EA32227CF740F008462B2 /* Base */ = {isa = PBXFileReference; lastKnownFileType = file.storyboard; name = Base; path = Base.lproj/LaunchScreen.storyboard; sourceTree = "<group>"; };
		902EA32427CF740F008462B2 /* Info.plist */ = {isa = PBXFileReference; lastKnownFileType = text.plist.xml; path = Info.plist; sourceTree = "<group>"; };
		902EA32927CF740F008462B2 /* PassiveDemoAppTests.xctest */ = {isa = PBXFileReference; explicitFileType = wrapper.cfbundle; includeInIndex = 0; path = PassiveDemoAppTests.xctest; sourceTree = BUILT_PRODUCTS_DIR; };
		902EA32D27CF7410008462B2 /* PassiveDemoAppTests.swift */ = {isa = PBXFileReference; lastKnownFileType = sourcecode.swift; path = PassiveDemoAppTests.swift; sourceTree = "<group>"; };
		902EA33327CF7410008462B2 /* PassiveDemoAppUITests.xctest */ = {isa = PBXFileReference; explicitFileType = wrapper.cfbundle; includeInIndex = 0; path = PassiveDemoAppUITests.xctest; sourceTree = BUILT_PRODUCTS_DIR; };
		902EA33727CF7410008462B2 /* PassiveDemoAppUITests.swift */ = {isa = PBXFileReference; lastKnownFileType = sourcecode.swift; path = PassiveDemoAppUITests.swift; sourceTree = "<group>"; };
		902EA33927CF7410008462B2 /* PassiveDemoAppUITestsLaunchTests.swift */ = {isa = PBXFileReference; lastKnownFileType = sourcecode.swift; path = PassiveDemoAppUITestsLaunchTests.swift; sourceTree = "<group>"; };
		902EA34927CF7806008462B2 /* ViewModel.swift */ = {isa = PBXFileReference; lastKnownFileType = sourcecode.swift; path = ViewModel.swift; sourceTree = "<group>"; };
		9095BAEC27D600D200E661A3 /* ios-sdk */ = {isa = PBXFileReference; lastKnownFileType = folder; name = "ios-sdk"; path = "../../ios-sdk"; sourceTree = "<group>"; };
		9095BAED27D608BC00E661A3 /* UserSettingsViewController.swift */ = {isa = PBXFileReference; lastKnownFileType = sourcecode.swift; path = UserSettingsViewController.swift; sourceTree = "<group>"; };
		9095BAEF27D609A000E661A3 /* ios-foundation */ = {isa = PBXFileReference; lastKnownFileType = folder; name = "ios-foundation"; path = "../../ios-foundation"; sourceTree = "<group>"; };
		9095BAF027D60B6200E661A3 /* UserSettingsViewModel.swift */ = {isa = PBXFileReference; lastKnownFileType = sourcecode.swift; path = UserSettingsViewModel.swift; sourceTree = "<group>"; };
		9095BAF427D610B300E661A3 /* ios-position-kit */ = {isa = PBXFileReference; lastKnownFileType = folder; name = "ios-position-kit"; path = "../../ios-position-kit"; sourceTree = "<group>"; };
/* End PBXFileReference section */

/* Begin PBXFrameworksBuildPhase section */
		902EA31027CF740D008462B2 /* Frameworks */ = {
			isa = PBXFrameworksBuildPhase;
			buildActionMask = 2147483647;
			files = (
				902EA34827CF746F008462B2 /* VSTT2 in Frameworks */,
			);
			runOnlyForDeploymentPostprocessing = 0;
		};
		902EA32627CF740F008462B2 /* Frameworks */ = {
			isa = PBXFrameworksBuildPhase;
			buildActionMask = 2147483647;
			files = (
			);
			runOnlyForDeploymentPostprocessing = 0;
		};
		902EA33027CF7410008462B2 /* Frameworks */ = {
			isa = PBXFrameworksBuildPhase;
			buildActionMask = 2147483647;
			files = (
			);
			runOnlyForDeploymentPostprocessing = 0;
		};
/* End PBXFrameworksBuildPhase section */

/* Begin PBXGroup section */
		902EA30A27CF740D008462B2 = {
			isa = PBXGroup;
			children = (
				902EA31527CF740D008462B2 /* PassiveDemoApp */,
				902EA32C27CF7410008462B2 /* PassiveDemoAppTests */,
				902EA33627CF7410008462B2 /* PassiveDemoAppUITests */,
				4D25BF6B27D74A6800D43857 /* ios-sensor-fusion */,
				4D25BF6A27D666CA00D43857 /* ios-position-kit */,
				4D25BF6827D6104700D43857 /* ios-sdk */,
				902EA31427CF740D008462B2 /* Products */,
			);
			sourceTree = "<group>";
		};
		902EA31427CF740D008462B2 /* Products */ = {
			isa = PBXGroup;
			children = (
				902EA31327CF740D008462B2 /* PassiveDemoApp.app */,
				902EA32927CF740F008462B2 /* PassiveDemoAppTests.xctest */,
				902EA33327CF7410008462B2 /* PassiveDemoAppUITests.xctest */,
			);
			name = Products;
			sourceTree = "<group>";
		};
		902EA31527CF740D008462B2 /* PassiveDemoApp */ = {
			isa = PBXGroup;
			children = (
				9095BAF427D610B300E661A3 /* ios-position-kit */,
				9095BAEF27D609A000E661A3 /* ios-foundation */,
				9095BAEC27D600D200E661A3 /* ios-sdk */,
				902EA31627CF740D008462B2 /* AppDelegate.swift */,
				902EA31827CF740D008462B2 /* SceneDelegate.swift */,
				902EA31A27CF740D008462B2 /* ViewController.swift */,
				9095BAED27D608BC00E661A3 /* UserSettingsViewController.swift */,
				9095BAF027D60B6200E661A3 /* UserSettingsViewModel.swift */,
				902EA34927CF7806008462B2 /* ViewModel.swift */,
				902EA31C27CF740D008462B2 /* Main.storyboard */,
				902EA31F27CF740F008462B2 /* Assets.xcassets */,
				902EA32127CF740F008462B2 /* LaunchScreen.storyboard */,
				902EA32427CF740F008462B2 /* Info.plist */,
			);
			path = PassiveDemoApp;
			sourceTree = "<group>";
		};
		902EA32C27CF7410008462B2 /* PassiveDemoAppTests */ = {
			isa = PBXGroup;
			children = (
				902EA32D27CF7410008462B2 /* PassiveDemoAppTests.swift */,
			);
			path = PassiveDemoAppTests;
			sourceTree = "<group>";
		};
		902EA33627CF7410008462B2 /* PassiveDemoAppUITests */ = {
			isa = PBXGroup;
			children = (
				902EA33727CF7410008462B2 /* PassiveDemoAppUITests.swift */,
				902EA33927CF7410008462B2 /* PassiveDemoAppUITestsLaunchTests.swift */,
			);
			path = PassiveDemoAppUITests;
			sourceTree = "<group>";
		};
/* End PBXGroup section */

/* Begin PBXNativeTarget section */
		902EA31227CF740D008462B2 /* PassiveDemoApp */ = {
			isa = PBXNativeTarget;
			buildConfigurationList = 902EA33D27CF7410008462B2 /* Build configuration list for PBXNativeTarget "PassiveDemoApp" */;
			buildPhases = (
				902EA30F27CF740D008462B2 /* Sources */,
				902EA31027CF740D008462B2 /* Frameworks */,
				902EA31127CF740D008462B2 /* Resources */,
			);
			buildRules = (
			);
			dependencies = (
			);
			name = PassiveDemoApp;
			packageProductDependencies = (
				902EA34727CF746F008462B2 /* VSTT2 */,
			);
			productName = PassivePartDemo;
			productReference = 902EA31327CF740D008462B2 /* PassiveDemoApp.app */;
			productType = "com.apple.product-type.application";
		};
		902EA32827CF740F008462B2 /* PassiveDemoAppTests */ = {
			isa = PBXNativeTarget;
			buildConfigurationList = 902EA34027CF7410008462B2 /* Build configuration list for PBXNativeTarget "PassiveDemoAppTests" */;
			buildPhases = (
				902EA32527CF740F008462B2 /* Sources */,
				902EA32627CF740F008462B2 /* Frameworks */,
				902EA32727CF740F008462B2 /* Resources */,
			);
			buildRules = (
			);
			dependencies = (
				902EA32B27CF740F008462B2 /* PBXTargetDependency */,
			);
			name = PassiveDemoAppTests;
			productName = PassivePartDemoTests;
			productReference = 902EA32927CF740F008462B2 /* PassiveDemoAppTests.xctest */;
			productType = "com.apple.product-type.bundle.unit-test";
		};
		902EA33227CF7410008462B2 /* PassiveDemoAppUITests */ = {
			isa = PBXNativeTarget;
			buildConfigurationList = 902EA34327CF7410008462B2 /* Build configuration list for PBXNativeTarget "PassiveDemoAppUITests" */;
			buildPhases = (
				902EA32F27CF7410008462B2 /* Sources */,
				902EA33027CF7410008462B2 /* Frameworks */,
				902EA33127CF7410008462B2 /* Resources */,
			);
			buildRules = (
			);
			dependencies = (
				902EA33527CF7410008462B2 /* PBXTargetDependency */,
			);
			name = PassiveDemoAppUITests;
			productName = PassivePartDemoUITests;
			productReference = 902EA33327CF7410008462B2 /* PassiveDemoAppUITests.xctest */;
			productType = "com.apple.product-type.bundle.ui-testing";
		};
/* End PBXNativeTarget section */

/* Begin PBXProject section */
		902EA30B27CF740D008462B2 /* Project object */ = {
			isa = PBXProject;
			attributes = {
				BuildIndependentTargetsInParallel = 1;
				LastSwiftUpdateCheck = 1310;
				LastUpgradeCheck = 1310;
				TargetAttributes = {
					902EA31227CF740D008462B2 = {
						CreatedOnToolsVersion = 13.1;
					};
					902EA32827CF740F008462B2 = {
						CreatedOnToolsVersion = 13.1;
						TestTargetID = 902EA31227CF740D008462B2;
					};
					902EA33227CF7410008462B2 = {
						CreatedOnToolsVersion = 13.1;
						TestTargetID = 902EA31227CF740D008462B2;
					};
				};
			};
			buildConfigurationList = 902EA30E27CF740D008462B2 /* Build configuration list for PBXProject "PassiveDemoApp" */;
			compatibilityVersion = "Xcode 13.0";
			developmentRegion = en;
			hasScannedForEncodings = 0;
			knownRegions = (
				en,
				Base,
			);
			mainGroup = 902EA30A27CF740D008462B2;
			packageReferences = (
				902EA34627CF746F008462B2 /* XCRemoteSwiftPackageReference "ios-sdk" */,
			);
			productRefGroup = 902EA31427CF740D008462B2 /* Products */;
			projectDirPath = "";
			projectRoot = "";
			targets = (
				902EA31227CF740D008462B2 /* PassiveDemoApp */,
				902EA32827CF740F008462B2 /* PassiveDemoAppTests */,
				902EA33227CF7410008462B2 /* PassiveDemoAppUITests */,
			);
		};
/* End PBXProject section */

/* Begin PBXResourcesBuildPhase section */
		902EA31127CF740D008462B2 /* Resources */ = {
			isa = PBXResourcesBuildPhase;
			buildActionMask = 2147483647;
			files = (
				902EA32327CF740F008462B2 /* LaunchScreen.storyboard in Resources */,
				902EA32027CF740F008462B2 /* Assets.xcassets in Resources */,
				902EA31E27CF740D008462B2 /* Main.storyboard in Resources */,
			);
			runOnlyForDeploymentPostprocessing = 0;
		};
		902EA32727CF740F008462B2 /* Resources */ = {
			isa = PBXResourcesBuildPhase;
			buildActionMask = 2147483647;
			files = (
			);
			runOnlyForDeploymentPostprocessing = 0;
		};
		902EA33127CF7410008462B2 /* Resources */ = {
			isa = PBXResourcesBuildPhase;
			buildActionMask = 2147483647;
			files = (
			);
			runOnlyForDeploymentPostprocessing = 0;
		};
/* End PBXResourcesBuildPhase section */

/* Begin PBXSourcesBuildPhase section */
		902EA30F27CF740D008462B2 /* Sources */ = {
			isa = PBXSourcesBuildPhase;
			buildActionMask = 2147483647;
			files = (
				902EA31B27CF740D008462B2 /* ViewController.swift in Sources */,
				9095BAEE27D608BC00E661A3 /* UserSettingsViewController.swift in Sources */,
				9095BAF127D60B6200E661A3 /* UserSettingsViewModel.swift in Sources */,
				902EA31727CF740D008462B2 /* AppDelegate.swift in Sources */,
				902EA34A27CF7806008462B2 /* ViewModel.swift in Sources */,
				902EA31927CF740D008462B2 /* SceneDelegate.swift in Sources */,
			);
			runOnlyForDeploymentPostprocessing = 0;
		};
		902EA32527CF740F008462B2 /* Sources */ = {
			isa = PBXSourcesBuildPhase;
			buildActionMask = 2147483647;
			files = (
				902EA32E27CF7410008462B2 /* PassiveDemoAppTests.swift in Sources */,
			);
			runOnlyForDeploymentPostprocessing = 0;
		};
		902EA32F27CF7410008462B2 /* Sources */ = {
			isa = PBXSourcesBuildPhase;
			buildActionMask = 2147483647;
			files = (
				902EA33A27CF7410008462B2 /* PassiveDemoAppUITestsLaunchTests.swift in Sources */,
				902EA33827CF7410008462B2 /* PassiveDemoAppUITests.swift in Sources */,
			);
			runOnlyForDeploymentPostprocessing = 0;
		};
/* End PBXSourcesBuildPhase section */

/* Begin PBXTargetDependency section */
		902EA32B27CF740F008462B2 /* PBXTargetDependency */ = {
			isa = PBXTargetDependency;
			target = 902EA31227CF740D008462B2 /* PassiveDemoApp */;
			targetProxy = 902EA32A27CF740F008462B2 /* PBXContainerItemProxy */;
		};
		902EA33527CF7410008462B2 /* PBXTargetDependency */ = {
			isa = PBXTargetDependency;
			target = 902EA31227CF740D008462B2 /* PassiveDemoApp */;
			targetProxy = 902EA33427CF7410008462B2 /* PBXContainerItemProxy */;
		};
/* End PBXTargetDependency section */

/* Begin PBXVariantGroup section */
		902EA31C27CF740D008462B2 /* Main.storyboard */ = {
			isa = PBXVariantGroup;
			children = (
				902EA31D27CF740D008462B2 /* Base */,
			);
			name = Main.storyboard;
			sourceTree = "<group>";
		};
		902EA32127CF740F008462B2 /* LaunchScreen.storyboard */ = {
			isa = PBXVariantGroup;
			children = (
				902EA32227CF740F008462B2 /* Base */,
			);
			name = LaunchScreen.storyboard;
			sourceTree = "<group>";
		};
/* End PBXVariantGroup section */

/* Begin XCBuildConfiguration section */
		902EA33B27CF7410008462B2 /* Debug */ = {
			isa = XCBuildConfiguration;
			buildSettings = {
				ALWAYS_SEARCH_USER_PATHS = NO;
				CLANG_ANALYZER_NONNULL = YES;
				CLANG_ANALYZER_NUMBER_OBJECT_CONVERSION = YES_AGGRESSIVE;
				CLANG_CXX_LANGUAGE_STANDARD = "gnu++17";
				CLANG_CXX_LIBRARY = "libc++";
				CLANG_ENABLE_MODULES = YES;
				CLANG_ENABLE_OBJC_ARC = YES;
				CLANG_ENABLE_OBJC_WEAK = YES;
				CLANG_WARN_BLOCK_CAPTURE_AUTORELEASING = YES;
				CLANG_WARN_BOOL_CONVERSION = YES;
				CLANG_WARN_COMMA = YES;
				CLANG_WARN_CONSTANT_CONVERSION = YES;
				CLANG_WARN_DEPRECATED_OBJC_IMPLEMENTATIONS = YES;
				CLANG_WARN_DIRECT_OBJC_ISA_USAGE = YES_ERROR;
				CLANG_WARN_DOCUMENTATION_COMMENTS = YES;
				CLANG_WARN_EMPTY_BODY = YES;
				CLANG_WARN_ENUM_CONVERSION = YES;
				CLANG_WARN_INFINITE_RECURSION = YES;
				CLANG_WARN_INT_CONVERSION = YES;
				CLANG_WARN_NON_LITERAL_NULL_CONVERSION = YES;
				CLANG_WARN_OBJC_IMPLICIT_RETAIN_SELF = YES;
				CLANG_WARN_OBJC_LITERAL_CONVERSION = YES;
				CLANG_WARN_OBJC_ROOT_CLASS = YES_ERROR;
				CLANG_WARN_QUOTED_INCLUDE_IN_FRAMEWORK_HEADER = YES;
				CLANG_WARN_RANGE_LOOP_ANALYSIS = YES;
				CLANG_WARN_STRICT_PROTOTYPES = YES;
				CLANG_WARN_SUSPICIOUS_MOVE = YES;
				CLANG_WARN_UNGUARDED_AVAILABILITY = YES_AGGRESSIVE;
				CLANG_WARN_UNREACHABLE_CODE = YES;
				CLANG_WARN__DUPLICATE_METHOD_MATCH = YES;
				COPY_PHASE_STRIP = NO;
				DEBUG_INFORMATION_FORMAT = dwarf;
				ENABLE_STRICT_OBJC_MSGSEND = YES;
				ENABLE_TESTABILITY = YES;
				GCC_C_LANGUAGE_STANDARD = gnu11;
				GCC_DYNAMIC_NO_PIC = NO;
				GCC_NO_COMMON_BLOCKS = YES;
				GCC_OPTIMIZATION_LEVEL = 0;
				GCC_PREPROCESSOR_DEFINITIONS = (
					"DEBUG=1",
					"$(inherited)",
				);
				GCC_WARN_64_TO_32_BIT_CONVERSION = YES;
				GCC_WARN_ABOUT_RETURN_TYPE = YES_ERROR;
				GCC_WARN_UNDECLARED_SELECTOR = YES;
				GCC_WARN_UNINITIALIZED_AUTOS = YES_AGGRESSIVE;
				GCC_WARN_UNUSED_FUNCTION = YES;
				GCC_WARN_UNUSED_VARIABLE = YES;
				IPHONEOS_DEPLOYMENT_TARGET = 13.0;
				MTL_ENABLE_DEBUG_INFO = INCLUDE_SOURCE;
				MTL_FAST_MATH = YES;
				ONLY_ACTIVE_ARCH = YES;
				SDKROOT = iphoneos;
				SWIFT_ACTIVE_COMPILATION_CONDITIONS = DEBUG;
				SWIFT_OPTIMIZATION_LEVEL = "-Onone";
			};
			name = Debug;
		};
		902EA33C27CF7410008462B2 /* Release */ = {
			isa = XCBuildConfiguration;
			buildSettings = {
				ALWAYS_SEARCH_USER_PATHS = NO;
				CLANG_ANALYZER_NONNULL = YES;
				CLANG_ANALYZER_NUMBER_OBJECT_CONVERSION = YES_AGGRESSIVE;
				CLANG_CXX_LANGUAGE_STANDARD = "gnu++17";
				CLANG_CXX_LIBRARY = "libc++";
				CLANG_ENABLE_MODULES = YES;
				CLANG_ENABLE_OBJC_ARC = YES;
				CLANG_ENABLE_OBJC_WEAK = YES;
				CLANG_WARN_BLOCK_CAPTURE_AUTORELEASING = YES;
				CLANG_WARN_BOOL_CONVERSION = YES;
				CLANG_WARN_COMMA = YES;
				CLANG_WARN_CONSTANT_CONVERSION = YES;
				CLANG_WARN_DEPRECATED_OBJC_IMPLEMENTATIONS = YES;
				CLANG_WARN_DIRECT_OBJC_ISA_USAGE = YES_ERROR;
				CLANG_WARN_DOCUMENTATION_COMMENTS = YES;
				CLANG_WARN_EMPTY_BODY = YES;
				CLANG_WARN_ENUM_CONVERSION = YES;
				CLANG_WARN_INFINITE_RECURSION = YES;
				CLANG_WARN_INT_CONVERSION = YES;
				CLANG_WARN_NON_LITERAL_NULL_CONVERSION = YES;
				CLANG_WARN_OBJC_IMPLICIT_RETAIN_SELF = YES;
				CLANG_WARN_OBJC_LITERAL_CONVERSION = YES;
				CLANG_WARN_OBJC_ROOT_CLASS = YES_ERROR;
				CLANG_WARN_QUOTED_INCLUDE_IN_FRAMEWORK_HEADER = YES;
				CLANG_WARN_RANGE_LOOP_ANALYSIS = YES;
				CLANG_WARN_STRICT_PROTOTYPES = YES;
				CLANG_WARN_SUSPICIOUS_MOVE = YES;
				CLANG_WARN_UNGUARDED_AVAILABILITY = YES_AGGRESSIVE;
				CLANG_WARN_UNREACHABLE_CODE = YES;
				CLANG_WARN__DUPLICATE_METHOD_MATCH = YES;
				COPY_PHASE_STRIP = NO;
				DEBUG_INFORMATION_FORMAT = "dwarf-with-dsym";
				ENABLE_NS_ASSERTIONS = NO;
				ENABLE_STRICT_OBJC_MSGSEND = YES;
				GCC_C_LANGUAGE_STANDARD = gnu11;
				GCC_NO_COMMON_BLOCKS = YES;
				GCC_WARN_64_TO_32_BIT_CONVERSION = YES;
				GCC_WARN_ABOUT_RETURN_TYPE = YES_ERROR;
				GCC_WARN_UNDECLARED_SELECTOR = YES;
				GCC_WARN_UNINITIALIZED_AUTOS = YES_AGGRESSIVE;
				GCC_WARN_UNUSED_FUNCTION = YES;
				GCC_WARN_UNUSED_VARIABLE = YES;
				IPHONEOS_DEPLOYMENT_TARGET = 13.0;
				MTL_ENABLE_DEBUG_INFO = NO;
				MTL_FAST_MATH = YES;
				SDKROOT = iphoneos;
				SWIFT_COMPILATION_MODE = wholemodule;
				SWIFT_OPTIMIZATION_LEVEL = "-O";
				VALIDATE_PRODUCT = YES;
			};
			name = Release;
		};
		902EA33E27CF7410008462B2 /* Debug */ = {
			isa = XCBuildConfiguration;
			buildSettings = {
				ASSETCATALOG_COMPILER_APPICON_NAME = AppIcon;
				ASSETCATALOG_COMPILER_GLOBAL_ACCENT_COLOR_NAME = AccentColor;
				CODE_SIGN_STYLE = Automatic;
				CURRENT_PROJECT_VERSION = 1;
				DEVELOPMENT_TEAM = 7CW7ARRV9E;
				GENERATE_INFOPLIST_FILE = YES;
				INFOPLIST_FILE = PassiveDemoApp/Info.plist;
				INFOPLIST_KEY_UIApplicationSupportsIndirectInputEvents = YES;
				INFOPLIST_KEY_UILaunchStoryboardName = LaunchScreen;
				INFOPLIST_KEY_UIMainStoryboardFile = Main;
				INFOPLIST_KEY_UISupportedInterfaceOrientations_iPad = "UIInterfaceOrientationPortrait UIInterfaceOrientationPortraitUpsideDown UIInterfaceOrientationLandscapeLeft UIInterfaceOrientationLandscapeRight";
				INFOPLIST_KEY_UISupportedInterfaceOrientations_iPhone = "UIInterfaceOrientationPortrait UIInterfaceOrientationLandscapeLeft UIInterfaceOrientationLandscapeRight";
				LD_RUNPATH_SEARCH_PATHS = (
					"$(inherited)",
					"@executable_path/Frameworks",
				);
				MARKETING_VERSION = 1.0;
				PRODUCT_BUNDLE_IDENTIFIER = VirtualStores.PassiveDemoApp;
				PRODUCT_NAME = "$(TARGET_NAME)";
				SWIFT_EMIT_LOC_STRINGS = YES;
				SWIFT_VERSION = 5.0;
				TARGETED_DEVICE_FAMILY = "1,2";
			};
			name = Debug;
		};
		902EA33F27CF7410008462B2 /* Release */ = {
			isa = XCBuildConfiguration;
			buildSettings = {
				ASSETCATALOG_COMPILER_APPICON_NAME = AppIcon;
				ASSETCATALOG_COMPILER_GLOBAL_ACCENT_COLOR_NAME = AccentColor;
				CODE_SIGN_STYLE = Automatic;
				CURRENT_PROJECT_VERSION = 1;
				DEVELOPMENT_TEAM = 7CW7ARRV9E;
				GENERATE_INFOPLIST_FILE = YES;
				INFOPLIST_FILE = PassiveDemoApp/Info.plist;
				INFOPLIST_KEY_UIApplicationSupportsIndirectInputEvents = YES;
				INFOPLIST_KEY_UILaunchStoryboardName = LaunchScreen;
				INFOPLIST_KEY_UIMainStoryboardFile = Main;
				INFOPLIST_KEY_UISupportedInterfaceOrientations_iPad = "UIInterfaceOrientationPortrait UIInterfaceOrientationPortraitUpsideDown UIInterfaceOrientationLandscapeLeft UIInterfaceOrientationLandscapeRight";
				INFOPLIST_KEY_UISupportedInterfaceOrientations_iPhone = "UIInterfaceOrientationPortrait UIInterfaceOrientationLandscapeLeft UIInterfaceOrientationLandscapeRight";
				LD_RUNPATH_SEARCH_PATHS = (
					"$(inherited)",
					"@executable_path/Frameworks",
				);
				MARKETING_VERSION = 1.0;
				PRODUCT_BUNDLE_IDENTIFIER = VirtualStores.PassiveDemoApp;
				PRODUCT_NAME = "$(TARGET_NAME)";
				SWIFT_EMIT_LOC_STRINGS = YES;
				SWIFT_VERSION = 5.0;
				TARGETED_DEVICE_FAMILY = "1,2";
			};
			name = Release;
		};
		902EA34127CF7410008462B2 /* Debug */ = {
			isa = XCBuildConfiguration;
			buildSettings = {
				ALWAYS_EMBED_SWIFT_STANDARD_LIBRARIES = YES;
				BUNDLE_LOADER = "$(TEST_HOST)";
				CODE_SIGN_STYLE = Automatic;
				CURRENT_PROJECT_VERSION = 1;
				GENERATE_INFOPLIST_FILE = YES;
				IPHONEOS_DEPLOYMENT_TARGET = 15.0;
				LD_RUNPATH_SEARCH_PATHS = (
					"$(inherited)",
					"@executable_path/Frameworks",
					"@loader_path/Frameworks",
				);
				MARKETING_VERSION = 1.0;
				PRODUCT_BUNDLE_IDENTIFIER = VirtualStores.PassiveDemoAppTests;
				PRODUCT_NAME = "$(TARGET_NAME)";
				SWIFT_EMIT_LOC_STRINGS = NO;
				SWIFT_VERSION = 5.0;
				TARGETED_DEVICE_FAMILY = "1,2";
				TEST_HOST = "$(BUILT_PRODUCTS_DIR)/PassiveDemoApp.app/PassiveDemoApp";
			};
			name = Debug;
		};
		902EA34227CF7410008462B2 /* Release */ = {
			isa = XCBuildConfiguration;
			buildSettings = {
				ALWAYS_EMBED_SWIFT_STANDARD_LIBRARIES = YES;
				BUNDLE_LOADER = "$(TEST_HOST)";
				CODE_SIGN_STYLE = Automatic;
				CURRENT_PROJECT_VERSION = 1;
				GENERATE_INFOPLIST_FILE = YES;
				IPHONEOS_DEPLOYMENT_TARGET = 15.0;
				LD_RUNPATH_SEARCH_PATHS = (
					"$(inherited)",
					"@executable_path/Frameworks",
					"@loader_path/Frameworks",
				);
				MARKETING_VERSION = 1.0;
				PRODUCT_BUNDLE_IDENTIFIER = VirtualStores.PassiveDemoAppTests;
				PRODUCT_NAME = "$(TARGET_NAME)";
				SWIFT_EMIT_LOC_STRINGS = NO;
				SWIFT_VERSION = 5.0;
				TARGETED_DEVICE_FAMILY = "1,2";
				TEST_HOST = "$(BUILT_PRODUCTS_DIR)/PassiveDemoApp.app/PassiveDemoApp";
			};
			name = Release;
		};
		902EA34427CF7410008462B2 /* Debug */ = {
			isa = XCBuildConfiguration;
			buildSettings = {
				ALWAYS_EMBED_SWIFT_STANDARD_LIBRARIES = YES;
				CODE_SIGN_STYLE = Automatic;
				CURRENT_PROJECT_VERSION = 1;
				GENERATE_INFOPLIST_FILE = YES;
				LD_RUNPATH_SEARCH_PATHS = (
					"$(inherited)",
					"@executable_path/Frameworks",
					"@loader_path/Frameworks",
				);
				MARKETING_VERSION = 1.0;
				PRODUCT_BUNDLE_IDENTIFIER = VirtualStores.PassiveDemoAppUITests;
				PRODUCT_NAME = "$(TARGET_NAME)";
				SWIFT_EMIT_LOC_STRINGS = NO;
				SWIFT_VERSION = 5.0;
				TARGETED_DEVICE_FAMILY = "1,2";
				TEST_TARGET_NAME = PassiveDemoApp;
			};
			name = Debug;
		};
		902EA34527CF7410008462B2 /* Release */ = {
			isa = XCBuildConfiguration;
			buildSettings = {
				ALWAYS_EMBED_SWIFT_STANDARD_LIBRARIES = YES;
				CODE_SIGN_STYLE = Automatic;
				CURRENT_PROJECT_VERSION = 1;
				GENERATE_INFOPLIST_FILE = YES;
				LD_RUNPATH_SEARCH_PATHS = (
					"$(inherited)",
					"@executable_path/Frameworks",
					"@loader_path/Frameworks",
				);
				MARKETING_VERSION = 1.0;
				PRODUCT_BUNDLE_IDENTIFIER = VirtualStores.PassiveDemoAppUITests;
				PRODUCT_NAME = "$(TARGET_NAME)";
				SWIFT_EMIT_LOC_STRINGS = NO;
				SWIFT_VERSION = 5.0;
				TARGETED_DEVICE_FAMILY = "1,2";
				TEST_TARGET_NAME = PassiveDemoApp;
			};
			name = Release;
		};
/* End XCBuildConfiguration section */

/* Begin XCConfigurationList section */
		902EA30E27CF740D008462B2 /* Build configuration list for PBXProject "PassiveDemoApp" */ = {
			isa = XCConfigurationList;
			buildConfigurations = (
				902EA33B27CF7410008462B2 /* Debug */,
				902EA33C27CF7410008462B2 /* Release */,
			);
			defaultConfigurationIsVisible = 0;
			defaultConfigurationName = Release;
		};
		902EA33D27CF7410008462B2 /* Build configuration list for PBXNativeTarget "PassiveDemoApp" */ = {
			isa = XCConfigurationList;
			buildConfigurations = (
				902EA33E27CF7410008462B2 /* Debug */,
				902EA33F27CF7410008462B2 /* Release */,
			);
			defaultConfigurationIsVisible = 0;
			defaultConfigurationName = Release;
		};
		902EA34027CF7410008462B2 /* Build configuration list for PBXNativeTarget "PassiveDemoAppTests" */ = {
			isa = XCConfigurationList;
			buildConfigurations = (
				902EA34127CF7410008462B2 /* Debug */,
				902EA34227CF7410008462B2 /* Release */,
			);
			defaultConfigurationIsVisible = 0;
			defaultConfigurationName = Release;
		};
		902EA34327CF7410008462B2 /* Build configuration list for PBXNativeTarget "PassiveDemoAppUITests" */ = {
			isa = XCConfigurationList;
			buildConfigurations = (
				902EA34427CF7410008462B2 /* Debug */,
				902EA34527CF7410008462B2 /* Release */,
			);
			defaultConfigurationIsVisible = 0;
			defaultConfigurationName = Release;
		};
/* End XCConfigurationList section */

/* Begin XCRemoteSwiftPackageReference section */
		902EA34627CF746F008462B2 /* XCRemoteSwiftPackageReference "ios-sdk" */ = {
			isa = XCRemoteSwiftPackageReference;
			repositoryURL = "https://github.com/virtualstores/ios-sdk";
			requirement = {
				branch = navigation;
				kind = branch;
			};
		};
/* End XCRemoteSwiftPackageReference section */

/* Begin XCSwiftPackageProductDependency section */
		902EA34727CF746F008462B2 /* VSTT2 */ = {
			isa = XCSwiftPackageProductDependency;
			package = 902EA34627CF746F008462B2 /* XCRemoteSwiftPackageReference "ios-sdk" */;
			productName = VSTT2;
		};
/* End XCSwiftPackageProductDependency section */
	};
	rootObject = 902EA30B27CF740D008462B2 /* Project object */;
}
